
Microsoft Visual Studio Solution File, Format Version 12.00
# Visual Studio Version 17
VisualStudioVersion = 17.3.32922.545
MinimumVisualStudioVersion = 10.0.40219.1
Project("{FAE04EC0-301F-11D3-BF4B-00C04F79EFBC}") = "Korin`", "Korin`\Korin`.csproj", "{36130D65-12A8-4F5E-8C62-9AAB0690343B}"
EndProject
Global
	GlobalSection(SolutionConfigurationPlatforms) = preSolution
		Debug|Any CPU = Debug|Any CPU
		Release|Any CPU = Release|Any CPU
	EndGlobalSection
	GlobalSection(ProjectConfigurationPlatforms) = postSolution
		{36130D65-12A8-4F5E-8C62-9AAB0690343B}.Debug|Any CPU.ActiveCfg = Debug|Any CPU
		{36130D65-12A8-4F5E-8C62-9AAB0690343B}.Debug|Any CPU.Build.0 = Debug|Any CPU
		{36130D65-12A8-4F5E-8C62-9AAB0690343B}.Release|Any CPU.ActiveCfg = Release|Any CPU
		{36130D65-12A8-4F5E-8C62-9AAB0690343B}.Release|Any CPU.Build.0 = Release|Any CPU
	EndGlobalSection
	GlobalSection(SolutionProperties) = preSolution
		HideSolutionNode = FALSE
	EndGlobalSection
	GlobalSection(ExtensibilityGlobals) = postSolution
		SolutionGuid = {CE8B57EC-68E0-4DD0-933B-18A966F77ACC}
	EndGlobalSection
EndGlobal
